
Microsoft Visual Studio Solution File, Format Version 12.00
# Visual Studio Version 16
VisualStudioVersion = 16.0.31702.278
MinimumVisualStudioVersion = 10.0.40219.1
Project("{FAE04EC0-301F-11D3-BF4B-00C04F79EFBC}") = "Brandon_RedditAPI", "Brandon_RedditAPI.csproj", "{69AE45F6-F9E4-4F0F-AB45-649F3D0722F5}"
EndProject
Global
	GlobalSection(SolutionConfigurationPlatforms) = preSolution
		Debug|Any CPU = Debug|Any CPU
		Release|Any CPU = Release|Any CPU
	EndGlobalSection
	GlobalSection(ProjectConfigurationPlatforms) = postSolution
		{69AE45F6-F9E4-4F0F-AB45-649F3D0722F5}.Debug|Any CPU.ActiveCfg = Debug|Any CPU
		{69AE45F6-F9E4-4F0F-AB45-649F3D0722F5}.Debug|Any CPU.Build.0 = Debug|Any CPU
		{69AE45F6-F9E4-4F0F-AB45-649F3D0722F5}.Release|Any CPU.ActiveCfg = Release|Any CPU
		{69AE45F6-F9E4-4F0F-AB45-649F3D0722F5}.Release|Any CPU.Build.0 = Release|Any CPU
	EndGlobalSection
	GlobalSection(SolutionProperties) = preSolution
		HideSolutionNode = FALSE
	EndGlobalSection
	GlobalSection(ExtensibilityGlobals) = postSolution
		SolutionGuid = {170151DC-6B66-4B70-9CCA-39D69EC7F926}
	EndGlobalSection
EndGlobal
